// !$*UTF8*$!
{
	archiveVersion = 1;
	classes = {
	};
	objectVersion = 46;
	objects = {

/* Begin PBXBuildFile section */
		3B131625194BCD6F00DBC9F3 /* CourseData.swift in Sources */ = {isa = PBXBuildFile; fileRef = 3B131624194BCD6F00DBC9F3 /* CourseData.swift */; };
		3BB7C3BD19478CD1007FF0B9 /* SubmissionViewController.swift in Sources */ = {isa = PBXBuildFile; fileRef = 3BB7C3BC19478CD1007FF0B9 /* SubmissionViewController.swift */; };
		3BD66C09194785DC00CE6CC0 /* AppDelegate.swift in Sources */ = {isa = PBXBuildFile; fileRef = 3BD66C08194785DC00CE6CC0 /* AppDelegate.swift */; };
		3BD66C10194785DC00CE6CC0 /* Main.storyboard in Resources */ = {isa = PBXBuildFile; fileRef = 3BD66C0E194785DC00CE6CC0 /* Main.storyboard */; };
		3BD66C12194785DC00CE6CC0 /* Images.xcassets in Resources */ = {isa = PBXBuildFile; fileRef = 3BD66C11194785DC00CE6CC0 /* Images.xcassets */; };
		3BD66C1E194785DD00CE6CC0 /* ClassifiTests.swift in Sources */ = {isa = PBXBuildFile; fileRef = 3BD66C1D194785DD00CE6CC0 /* ClassifiTests.swift */; };
		3BED234F194A7C1300C47E8C /* Colors.swift in Sources */ = {isa = PBXBuildFile; fileRef = 3BED234E194A7C1300C47E8C /* Colors.swift */; };
/* End PBXBuildFile section */

/* Begin PBXContainerItemProxy section */
		3BD66C18194785DD00CE6CC0 /* PBXContainerItemProxy */ = {
			isa = PBXContainerItemProxy;
			containerPortal = 3BD66BFB194785DC00CE6CC0 /* Project object */;
			proxyType = 1;
			remoteGlobalIDString = 3BD66C02194785DC00CE6CC0;
			remoteInfo = Classifi;
		};
/* End PBXContainerItemProxy section */

/* Begin PBXFileReference section */
		3B131624194BCD6F00DBC9F3 /* CourseData.swift */ = {isa = PBXFileReference; fileEncoding = 4; lastKnownFileType = sourcecode.swift; path = CourseData.swift; sourceTree = "<group>"; };
		3BB7C3BC19478CD1007FF0B9 /* SubmissionViewController.swift */ = {isa = PBXFileReference; fileEncoding = 4; lastKnownFileType = sourcecode.swift; path = SubmissionViewController.swift; sourceTree = "<group>"; };
		3BD66C03194785DC00CE6CC0 /* Classifi.app */ = {isa = PBXFileReference; explicitFileType = wrapper.application; includeInIndex = 0; path = Classifi.app; sourceTree = BUILT_PRODUCTS_DIR; };
		3BD66C07194785DC00CE6CC0 /* Info.plist */ = {isa = PBXFileReference; lastKnownFileType = text.plist.xml; path = Info.plist; sourceTree = "<group>"; };
		3BD66C08194785DC00CE6CC0 /* AppDelegate.swift */ = {isa = PBXFileReference; lastKnownFileType = sourcecode.swift; path = AppDelegate.swift; sourceTree = "<group>"; };
		3BD66C0F194785DC00CE6CC0 /* Base */ = {isa = PBXFileReference; lastKnownFileType = file.storyboard; name = Base; path = Base.lproj/Main.storyboard; sourceTree = "<group>"; };
		3BD66C11194785DC00CE6CC0 /* Images.xcassets */ = {isa = PBXFileReference; lastKnownFileType = folder.assetcatalog; path = Images.xcassets; sourceTree = "<group>"; };
		3BD66C17194785DD00CE6CC0 /* ClassifiTests.xctest */ = {isa = PBXFileReference; explicitFileType = wrapper.cfbundle; includeInIndex = 0; path = ClassifiTests.xctest; sourceTree = BUILT_PRODUCTS_DIR; };
		3BD66C1C194785DD00CE6CC0 /* Info.plist */ = {isa = PBXFileReference; lastKnownFileType = text.plist.xml; path = Info.plist; sourceTree = "<group>"; };
		3BD66C1D194785DD00CE6CC0 /* ClassifiTests.swift */ = {isa = PBXFileReference; lastKnownFileType = sourcecode.swift; path = ClassifiTests.swift; sourceTree = "<group>"; };
		3BED234E194A7C1300C47E8C /* Colors.swift */ = {isa = PBXFileReference; fileEncoding = 4; lastKnownFileType = sourcecode.swift; path = Colors.swift; sourceTree = "<group>"; };
/* End PBXFileReference section */

/* Begin PBXFrameworksBuildPhase section */
		3BD66C00194785DC00CE6CC0 /* Frameworks */ = {
			isa = PBXFrameworksBuildPhase;
			buildActionMask = 2147483647;
			files = (
			);
			runOnlyForDeploymentPostprocessing = 0;
		};
		3BD66C14194785DD00CE6CC0 /* Frameworks */ = {
			isa = PBXFrameworksBuildPhase;
			buildActionMask = 2147483647;
			files = (
			);
			runOnlyForDeploymentPostprocessing = 0;
		};
/* End PBXFrameworksBuildPhase section */

/* Begin PBXGroup section */
		3BD66BFA194785DC00CE6CC0 = {
			isa = PBXGroup;
			children = (
				3BD66C05194785DC00CE6CC0 /* Classifi */,
				3BD66C1A194785DD00CE6CC0 /* ClassifiTests */,
				3BD66C04194785DC00CE6CC0 /* Products */,
			);
			sourceTree = "<group>";
		};
		3BD66C04194785DC00CE6CC0 /* Products */ = {
			isa = PBXGroup;
			children = (
				3BD66C03194785DC00CE6CC0 /* Classifi.app */,
				3BD66C17194785DD00CE6CC0 /* ClassifiTests.xctest */,
			);
			name = Products;
			sourceTree = "<group>";
		};
		3BD66C05194785DC00CE6CC0 /* Classifi */ = {
			isa = PBXGroup;
			children = (
				3BD66C0E194785DC00CE6CC0 /* Main.storyboard */,
				3BD66C08194785DC00CE6CC0 /* AppDelegate.swift */,
				3BB7C3BC19478CD1007FF0B9 /* SubmissionViewController.swift */,
				3B131624194BCD6F00DBC9F3 /* CourseData.swift */,
				3BED234E194A7C1300C47E8C /* Colors.swift */,
				3BD66C11194785DC00CE6CC0 /* Images.xcassets */,
				3BD66C06194785DC00CE6CC0 /* Supporting Files */,
			);
			path = Classifi;
			sourceTree = "<group>";
		};
		3BD66C06194785DC00CE6CC0 /* Supporting Files */ = {
			isa = PBXGroup;
			children = (
				3BD66C07194785DC00CE6CC0 /* Info.plist */,
			);
			name = "Supporting Files";
			sourceTree = "<group>";
		};
		3BD66C1A194785DD00CE6CC0 /* ClassifiTests */ = {
			isa = PBXGroup;
			children = (
				3BD66C1D194785DD00CE6CC0 /* ClassifiTests.swift */,
				3BD66C1B194785DD00CE6CC0 /* Supporting Files */,
			);
			path = ClassifiTests;
			sourceTree = "<group>";
		};
		3BD66C1B194785DD00CE6CC0 /* Supporting Files */ = {
			isa = PBXGroup;
			children = (
				3BD66C1C194785DD00CE6CC0 /* Info.plist */,
			);
			name = "Supporting Files";
			sourceTree = "<group>";
		};
/* End PBXGroup section */

/* Begin PBXNativeTarget section */
		3BD66C02194785DC00CE6CC0 /* Classifi */ = {
			isa = PBXNativeTarget;
			buildConfigurationList = 3BD66C21194785DD00CE6CC0 /* Build configuration list for PBXNativeTarget "Classifi" */;
			buildPhases = (
				3BD66BFF194785DC00CE6CC0 /* Sources */,
				3BD66C00194785DC00CE6CC0 /* Frameworks */,
				3BD66C01194785DC00CE6CC0 /* Resources */,
			);
			buildRules = (
			);
			dependencies = (
			);
			name = Classifi;
			productName = Classifi;
			productReference = 3BD66C03194785DC00CE6CC0 /* Classifi.app */;
			productType = "com.apple.product-type.application";
		};
		3BD66C16194785DD00CE6CC0 /* ClassifiTests */ = {
			isa = PBXNativeTarget;
			buildConfigurationList = 3BD66C24194785DD00CE6CC0 /* Build configuration list for PBXNativeTarget "ClassifiTests" */;
			buildPhases = (
				3BD66C13194785DD00CE6CC0 /* Sources */,
				3BD66C14194785DD00CE6CC0 /* Frameworks */,
				3BD66C15194785DD00CE6CC0 /* Resources */,
			);
			buildRules = (
			);
			dependencies = (
				3BD66C19194785DD00CE6CC0 /* PBXTargetDependency */,
			);
			name = ClassifiTests;
			productName = ClassifiTests;
			productReference = 3BD66C17194785DD00CE6CC0 /* ClassifiTests.xctest */;
			productType = "com.apple.product-type.bundle.unit-test";
		};
/* End PBXNativeTarget section */

/* Begin PBXProject section */
		3BD66BFB194785DC00CE6CC0 /* Project object */ = {
			isa = PBXProject;
			attributes = {
				LastUpgradeCheck = 0600;
				ORGANIZATIONNAME = "Bryce Langlotz";
				TargetAttributes = {
					3BD66C02194785DC00CE6CC0 = {
						CreatedOnToolsVersion = 6.0;
					};
					3BD66C16194785DD00CE6CC0 = {
						CreatedOnToolsVersion = 6.0;
						TestTargetID = 3BD66C02194785DC00CE6CC0;
					};
				};
			};
			buildConfigurationList = 3BD66BFE194785DC00CE6CC0 /* Build configuration list for PBXProject "Classifi" */;
			compatibilityVersion = "Xcode 3.2";
			developmentRegion = English;
			hasScannedForEncodings = 0;
			knownRegions = (
				en,
				Base,
			);
			mainGroup = 3BD66BFA194785DC00CE6CC0;
			productRefGroup = 3BD66C04194785DC00CE6CC0 /* Products */;
			projectDirPath = "";
			projectRoot = "";
			targets = (
				3BD66C02194785DC00CE6CC0 /* Classifi */,
				3BD66C16194785DD00CE6CC0 /* ClassifiTests */,
			);
		};
/* End PBXProject section */

/* Begin PBXResourcesBuildPhase section */
		3BD66C01194785DC00CE6CC0 /* Resources */ = {
			isa = PBXResourcesBuildPhase;
			buildActionMask = 2147483647;
			files = (
				3BD66C10194785DC00CE6CC0 /* Main.storyboard in Resources */,
				3BD66C12194785DC00CE6CC0 /* Images.xcassets in Resources */,
			);
			runOnlyForDeploymentPostprocessing = 0;
		};
		3BD66C15194785DD00CE6CC0 /* Resources */ = {
			isa = PBXResourcesBuildPhase;
			buildActionMask = 2147483647;
			files = (
			);
			runOnlyForDeploymentPostprocessing = 0;
		};
/* End PBXResourcesBuildPhase section */

/* Begin PBXSourcesBuildPhase section */
		3BD66BFF194785DC00CE6CC0 /* Sources */ = {
			isa = PBXSourcesBuildPhase;
			buildActionMask = 2147483647;
			files = (
				3BB7C3BD19478CD1007FF0B9 /* SubmissionViewController.swift in Sources */,
				3BED234F194A7C1300C47E8C /* Colors.swift in Sources */,
				3B131625194BCD6F00DBC9F3 /* CourseData.swift in Sources */,
				3BD66C09194785DC00CE6CC0 /* AppDelegate.swift in Sources */,
			);
			runOnlyForDeploymentPostprocessing = 0;
		};
		3BD66C13194785DD00CE6CC0 /* Sources */ = {
			isa = PBXSourcesBuildPhase;
			buildActionMask = 2147483647;
			files = (
				3BD66C1E194785DD00CE6CC0 /* ClassifiTests.swift in Sources */,
			);
			runOnlyForDeploymentPostprocessing = 0;
		};
/* End PBXSourcesBuildPhase section */

/* Begin PBXTargetDependency section */
		3BD66C19194785DD00CE6CC0 /* PBXTargetDependency */ = {
			isa = PBXTargetDependency;
			target = 3BD66C02194785DC00CE6CC0 /* Classifi */;
			targetProxy = 3BD66C18194785DD00CE6CC0 /* PBXContainerItemProxy */;
		};
/* End PBXTargetDependency section */

/* Begin PBXVariantGroup section */
		3BD66C0E194785DC00CE6CC0 /* Main.storyboard */ = {
			isa = PBXVariantGroup;
			children = (
				3BD66C0F194785DC00CE6CC0 /* Base */,
			);
			name = Main.storyboard;
			sourceTree = "<group>";
		};
/* End PBXVariantGroup section */

/* Begin XCBuildConfiguration section */
		3BD66C1F194785DD00CE6CC0 /* Debug */ = {
			isa = XCBuildConfiguration;
			buildSettings = {
				ALWAYS_SEARCH_USER_PATHS = NO;
				CLANG_CXX_LANGUAGE_STANDARD = "gnu++0x";
				CLANG_CXX_LIBRARY = "libc++";
				CLANG_ENABLE_MODULES = YES;
				CLANG_ENABLE_OBJC_ARC = YES;
				CLANG_WARN_BOOL_CONVERSION = YES;
				CLANG_WARN_CONSTANT_CONVERSION = YES;
				CLANG_WARN_DIRECT_OBJC_ISA_USAGE = YES_ERROR;
				CLANG_WARN_EMPTY_BODY = YES;
				CLANG_WARN_ENUM_CONVERSION = YES;
				CLANG_WARN_INT_CONVERSION = YES;
				CLANG_WARN_OBJC_ROOT_CLASS = YES_ERROR;
				CLANG_WARN_UNREACHABLE_CODE = YES;
				CLANG_WARN__DUPLICATE_METHOD_MATCH = YES;
				"CODE_SIGN_IDENTITY[sdk=iphoneos*]" = "iPhone Developer";
				COPY_PHASE_STRIP = NO;
				ENABLE_STRICT_OBJC_MSGSEND = YES;
				GCC_C_LANGUAGE_STANDARD = gnu99;
				GCC_DYNAMIC_NO_PIC = NO;
				GCC_OPTIMIZATION_LEVEL = 0;
				GCC_PREPROCESSOR_DEFINITIONS = (
					"DEBUG=1",
					"$(inherited)",
				);
				GCC_SYMBOLS_PRIVATE_EXTERN = NO;
				GCC_WARN_64_TO_32_BIT_CONVERSION = YES;
				GCC_WARN_ABOUT_RETURN_TYPE = YES_ERROR;
				GCC_WARN_UNDECLARED_SELECTOR = YES;
				GCC_WARN_UNINITIALIZED_AUTOS = YES_AGGRESSIVE;
				GCC_WARN_UNUSED_FUNCTION = YES;
				GCC_WARN_UNUSED_VARIABLE = YES;
				IPHONEOS_DEPLOYMENT_TARGET = 8.0;
				METAL_ENABLE_DEBUG_INFO = YES;
				ONLY_ACTIVE_ARCH = YES;
				SDKROOT = iphoneos;
				SWIFT_OPTIMIZATION_LEVEL = "-Onone";
				TARGETED_DEVICE_FAMILY = "1,2";
			};
			name = Debug;
		};
		3BD66C20194785DD00CE6CC0 /* Release */ = {
			isa = XCBuildConfiguration;
			buildSettings = {
				ALWAYS_SEARCH_USER_PATHS = NO;
				CLANG_CXX_LANGUAGE_STANDARD = "gnu++0x";
				CLANG_CXX_LIBRARY = "libc++";
				CLANG_ENABLE_MODULES = YES;
				CLANG_ENABLE_OBJC_ARC = YES;
				CLANG_WARN_BOOL_CONVERSION = YES;
				CLANG_WARN_CONSTANT_CONVERSION = YES;
				CLANG_WARN_DIRECT_OBJC_ISA_USAGE = YES_ERROR;
				CLANG_WARN_EMPTY_BODY = YES;
				CLANG_WARN_ENUM_CONVERSION = YES;
				CLANG_WARN_INT_CONVERSION = YES;
				CLANG_WARN_OBJC_ROOT_CLASS = YES_ERROR;
				CLANG_WARN_UNREACHABLE_CODE = YES;
				CLANG_WARN__DUPLICATE_METHOD_MATCH = YES;
				"CODE_SIGN_IDENTITY[sdk=iphoneos*]" = "iPhone Developer";
				COPY_PHASE_STRIP = YES;
				ENABLE_NS_ASSERTIONS = NO;
				ENABLE_STRICT_OBJC_MSGSEND = YES;
				GCC_C_LANGUAGE_STANDARD = gnu99;
				GCC_WARN_64_TO_32_BIT_CONVERSION = YES;
				GCC_WARN_ABOUT_RETURN_TYPE = YES_ERROR;
				GCC_WARN_UNDECLARED_SELECTOR = YES;
				GCC_WARN_UNINITIALIZED_AUTOS = YES_AGGRESSIVE;
				GCC_WARN_UNUSED_FUNCTION = YES;
				GCC_WARN_UNUSED_VARIABLE = YES;
				IPHONEOS_DEPLOYMENT_TARGET = 8.0;
				METAL_ENABLE_DEBUG_INFO = NO;
				SDKROOT = iphoneos;
				TARGETED_DEVICE_FAMILY = "1,2";
				VALIDATE_PRODUCT = YES;
			};
			name = Release;
		};
		3BD66C22194785DD00CE6CC0 /* Debug */ = {
			isa = XCBuildConfiguration;
			buildSettings = {
				ASSETCATALOG_COMPILER_APPICON_NAME = AppIcon;
				ASSETCATALOG_COMPILER_LAUNCHIMAGE_NAME = LaunchImage;
				INFOPLIST_FILE = Classifi/Info.plist;
				LD_RUNPATH_SEARCH_PATHS = "$(inherited) @executable_path/Frameworks";
				PRODUCT_NAME = "$(TARGET_NAME)";
				TARGETED_DEVICE_FAMILY = 1;
			};
			name = Debug;
		};
		3BD66C23194785DD00CE6CC0 /* Release */ = {
			isa = XCBuildConfiguration;
			buildSettings = {
				ASSETCATALOG_COMPILER_APPICON_NAME = AppIcon;
				ASSETCATALOG_COMPILER_LAUNCHIMAGE_NAME = LaunchImage;
				INFOPLIST_FILE = Classifi/Info.plist;
				LD_RUNPATH_SEARCH_PATHS = "$(inherited) @executable_path/Frameworks";
				PRODUCT_NAME = "$(TARGET_NAME)";
				TARGETED_DEVICE_FAMILY = 1;
			};
			name = Release;
		};
		3BD66C25194785DD00CE6CC0 /* Debug */ = {
			isa = XCBuildConfiguration;
			buildSettings = {
				BUNDLE_LOADER = "$(BUILT_PRODUCTS_DIR)/Classifi.app/Classifi";
				FRAMEWORK_SEARCH_PATHS = (
					"$(SDKROOT)/Developer/Library/Frameworks",
					"$(inherited)",
				);
				GCC_PREPROCESSOR_DEFINITIONS = (
					"DEBUG=1",
					"$(inherited)",
				);
				INFOPLIST_FILE = ClassifiTests/Info.plist;
				LD_RUNPATH_SEARCH_PATHS = "$(inherited) @executable_path/Frameworks @loader_path/Frameworks";
				METAL_ENABLE_DEBUG_INFO = YES;
				PRODUCT_NAME = "$(TARGET_NAME)";
				TEST_HOST = "$(BUNDLE_LOADER)";
			};
			name = Debug;
		};
		3BD66C26194785DD00CE6CC0 /* Release */ = {
			isa = XCBuildConfiguration;
			buildSettings = {
				BUNDLE_LOADER = "$(BUILT_PRODUCTS_DIR)/Classifi.app/Classifi";
				FRAMEWORK_SEARCH_PATHS = (
					"$(SDKROOT)/Developer/Library/Frameworks",
					"$(inherited)",
				);
				INFOPLIST_FILE = ClassifiTests/Info.plist;
				LD_RUNPATH_SEARCH_PATHS = "$(inherited) @executable_path/Frameworks @loader_path/Frameworks";
				METAL_ENABLE_DEBUG_INFO = NO;
				PRODUCT_NAME = "$(TARGET_NAME)";
				TEST_HOST = "$(BUNDLE_LOADER)";
			};
			name = Release;
		};
/* End XCBuildConfiguration section */

/* Begin XCConfigurationList section */
		3BD66BFE194785DC00CE6CC0 /* Build configuration list for PBXProject "Classifi" */ = {
			isa = XCConfigurationList;
			buildConfigurations = (
				3BD66C1F194785DD00CE6CC0 /* Debug */,
				3BD66C20194785DD00CE6CC0 /* Release */,
			);
			defaultConfigurationIsVisible = 0;
			defaultConfigurationName = Release;
		};
		3BD66C21194785DD00CE6CC0 /* Build configuration list for PBXNativeTarget "Classifi" */ = {
			isa = XCConfigurationList;
			buildConfigurations = (
				3BD66C22194785DD00CE6CC0 /* Debug */,
				3BD66C23194785DD00CE6CC0 /* Release */,
			);
			defaultConfigurationIsVisible = 0;
			defaultConfigurationName = Release;
		};
		3BD66C24194785DD00CE6CC0 /* Build configuration list for PBXNativeTarget "ClassifiTests" */ = {
			isa = XCConfigurationList;
			buildConfigurations = (
				3BD66C25194785DD00CE6CC0 /* Debug */,
				3BD66C26194785DD00CE6CC0 /* Release */,
			);
			defaultConfigurationIsVisible = 0;
			defaultConfigurationName = Release;
		};
/* End XCConfigurationList section */
	};
	rootObject = 3BD66BFB194785DC00CE6CC0 /* Project object */;
}
